
Microsoft Visual Studio Solution File, Format Version 12.00
# Visual Studio Version 17
VisualStudioVersion = 17.9.34622.214
MinimumVisualStudioVersion = 10.0.40219.1
Project("{FAE04EC0-301F-11D3-BF4B-00C04F79EFBC}") = "A simple dynamic collection of elements", "A simple dynamic collection of elements\A simple dynamic collection of elements.csproj", "{9F103DFD-D250-4C0A-BB1B-8BD36AB7D3EA}"
EndProject
Global
	GlobalSection(SolutionConfigurationPlatforms) = preSolution
		Debug|Any CPU = Debug|Any CPU
		Release|Any CPU = Release|Any CPU
	EndGlobalSection
	GlobalSection(ProjectConfigurationPlatforms) = postSolution
		{9F103DFD-D250-4C0A-BB1B-8BD36AB7D3EA}.Debug|Any CPU.ActiveCfg = Debug|Any CPU
		{9F103DFD-D250-4C0A-BB1B-8BD36AB7D3EA}.Debug|Any CPU.Build.0 = Debug|Any CPU
		{9F103DFD-D250-4C0A-BB1B-8BD36AB7D3EA}.Release|Any CPU.ActiveCfg = Release|Any CPU
		{9F103DFD-D250-4C0A-BB1B-8BD36AB7D3EA}.Release|Any CPU.Build.0 = Release|Any CPU
	EndGlobalSection
	GlobalSection(SolutionProperties) = preSolution
		HideSolutionNode = FALSE
	EndGlobalSection
	GlobalSection(ExtensibilityGlobals) = postSolution
		SolutionGuid = {36E7ADB9-D67E-4E09-B839-25D279A7ADE6}
	EndGlobalSection
EndGlobal
